
Microsoft Visual Studio Solution File, Format Version 12.00
# Visual Studio Version 16
VisualStudioVersion = 16.0.31702.278
MinimumVisualStudioVersion = 10.0.40219.1
Project("{FAE04EC0-301F-11D3-BF4B-00C04F79EFBC}") = "EvanDilgard", "EvanDilgard\EvanDilgard.csproj", "{1BEE45A3-0265-45CF-A7F6-982E5792326E}"
EndProject
Global
	GlobalSection(SolutionConfigurationPlatforms) = preSolution
		Debug|Any CPU = Debug|Any CPU
		Release|Any CPU = Release|Any CPU
	EndGlobalSection
	GlobalSection(ProjectConfigurationPlatforms) = postSolution
		{1BEE45A3-0265-45CF-A7F6-982E5792326E}.Debug|Any CPU.ActiveCfg = Debug|Any CPU
		{1BEE45A3-0265-45CF-A7F6-982E5792326E}.Debug|Any CPU.Build.0 = Debug|Any CPU
		{1BEE45A3-0265-45CF-A7F6-982E5792326E}.Release|Any CPU.ActiveCfg = Release|Any CPU
		{1BEE45A3-0265-45CF-A7F6-982E5792326E}.Release|Any CPU.Build.0 = Release|Any CPU
	EndGlobalSection
	GlobalSection(SolutionProperties) = preSolution
		HideSolutionNode = FALSE
	EndGlobalSection
	GlobalSection(ExtensibilityGlobals) = postSolution
		SolutionGuid = {3460429E-D6CE-4798-946D-18A932363A95}
	EndGlobalSection
EndGlobal
